
Microsoft Visual Studio Solution File, Format Version 12.00
# Visual Studio Version 17
VisualStudioVersion = 17.1.32407.343
MinimumVisualStudioVersion = 10.0.40219.1
Project("{FAE04EC0-301F-11D3-BF4B-00C04F79EFBC}") = "URLShortener", "URLShortener.csproj", "{8D422002-8FA1-4FF5-AEF7-ED02CB2D10F2}"
EndProject
Global
	GlobalSection(SolutionConfigurationPlatforms) = preSolution
		Debug|Any CPU = Debug|Any CPU
		Release|Any CPU = Release|Any CPU
	EndGlobalSection
	GlobalSection(ProjectConfigurationPlatforms) = postSolution
		{8D422002-8FA1-4FF5-AEF7-ED02CB2D10F2}.Debug|Any CPU.ActiveCfg = Debug|Any CPU
		{8D422002-8FA1-4FF5-AEF7-ED02CB2D10F2}.Debug|Any CPU.Build.0 = Debug|Any CPU
		{8D422002-8FA1-4FF5-AEF7-ED02CB2D10F2}.Release|Any CPU.ActiveCfg = Release|Any CPU
		{8D422002-8FA1-4FF5-AEF7-ED02CB2D10F2}.Release|Any CPU.Build.0 = Release|Any CPU
	EndGlobalSection
	GlobalSection(SolutionProperties) = preSolution
		HideSolutionNode = FALSE
	EndGlobalSection
	GlobalSection(ExtensibilityGlobals) = postSolution
		SolutionGuid = {76F53608-5672-4CA8-BA82-E7554400334E}
	EndGlobalSection
EndGlobal
